
Microsoft Visual Studio Solution File, Format Version 12.00
# Visual Studio Version 17
VisualStudioVersion = 17.0.31903.59
MinimumVisualStudioVersion = 10.0.40219.1
Project("{2150E333-8FDC-42A3-9474-1A3956D46DE8}") = "src", "src", "{827E0CD3-B72D-47B6-A68D-7590B98EB39B}"
EndProject
Project("{FAE04EC0-301F-11D3-BF4B-00C04F79EFBC}") = "FieldOps.Domain", "src\FieldOps.Domain\FieldOps.Domain.csproj", "{FA5F45D9-3F0F-4D2A-A9BA-BFE261FD9E09}"
EndProject
Project("{FAE04EC0-301F-11D3-BF4B-00C04F79EFBC}") = "FieldOps.Application", "src\FieldOps.Application\FieldOps.Application.csproj", "{7DD11186-80EA-4447-A8E4-75E24C7161E2}"
EndProject
Project("{FAE04EC0-301F-11D3-BF4B-00C04F79EFBC}") = "FieldOps.Infrastructure", "src\FieldOps.Infrastructure\FieldOps.Infrastructure.csproj", "{1A5F2076-D375-4008-A83C-F2C5626403FA}"
EndProject
Project("{FAE04EC0-301F-11D3-BF4B-00C04F79EFBC}") = "FieldOps.Api", "src\FieldOps.Api\FieldOps.Api.csproj", "{69CAD849-76F1-4655-B3C4-F2F9F7A7BEBB}"
EndProject
Project("{2150E333-8FDC-42A3-9474-1A3956D46DE8}") = "tests", "tests", "{0AB3BF05-4346-4AA6-1389-037BE0695223}"
EndProject
Project("{FAE04EC0-301F-11D3-BF4B-00C04F79EFBC}") = "FieldOps.UnitTests", "tests\FieldOps.UnitTests\FieldOps.UnitTests.csproj", "{DAA85197-516B-401D-97A8-5F3994914AF2}"
EndProject
Project("{FAE04EC0-301F-11D3-BF4B-00C04F79EFBC}") = "FieldOps.IntegrationTests", "tests\FieldOps.IntegrationTests\FieldOps.IntegrationTests.csproj", "{1000502C-08B5-4DEC-8183-28E6F1906E96}"
EndProject
Global
	GlobalSection(SolutionConfigurationPlatforms) = preSolution
		Debug|Any CPU = Debug|Any CPU
		Debug|x64 = Debug|x64
		Debug|x86 = Debug|x86
		Release|Any CPU = Release|Any CPU
		Release|x64 = Release|x64
		Release|x86 = Release|x86
	EndGlobalSection
	GlobalSection(ProjectConfigurationPlatforms) = postSolution
		{FA5F45D9-3F0F-4D2A-A9BA-BFE261FD9E09}.Debug|Any CPU.ActiveCfg = Debug|Any CPU
		{FA5F45D9-3F0F-4D2A-A9BA-BFE261FD9E09}.Debug|Any CPU.Build.0 = Debug|Any CPU
		{FA5F45D9-3F0F-4D2A-A9BA-BFE261FD9E09}.Debug|x64.ActiveCfg = Debug|Any CPU
		{FA5F45D9-3F0F-4D2A-A9BA-BFE261FD9E09}.Debug|x64.Build.0 = Debug|Any CPU
		{FA5F45D9-3F0F-4D2A-A9BA-BFE261FD9E09}.Debug|x86.ActiveCfg = Debug|Any CPU
		{FA5F45D9-3F0F-4D2A-A9BA-BFE261FD9E09}.Debug|x86.Build.0 = Debug|Any CPU
		{FA5F45D9-3F0F-4D2A-A9BA-BFE261FD9E09}.Release|Any CPU.ActiveCfg = Release|Any CPU
		{FA5F45D9-3F0F-4D2A-A9BA-BFE261FD9E09}.Release|Any CPU.Build.0 = Release|Any CPU
		{FA5F45D9-3F0F-4D2A-A9BA-BFE261FD9E09}.Release|x64.ActiveCfg = Release|Any CPU
		{FA5F45D9-3F0F-4D2A-A9BA-BFE261FD9E09}.Release|x64.Build.0 = Release|Any CPU
		{FA5F45D9-3F0F-4D2A-A9BA-BFE261FD9E09}.Release|x86.ActiveCfg = Release|Any CPU
		{FA5F45D9-3F0F-4D2A-A9BA-BFE261FD9E09}.Release|x86.Build.0 = Release|Any CPU
		{7DD11186-80EA-4447-A8E4-75E24C7161E2}.Debug|Any CPU.ActiveCfg = Debug|Any CPU
		{7DD11186-80EA-4447-A8E4-75E24C7161E2}.Debug|Any CPU.Build.0 = Debug|Any CPU
		{7DD11186-80EA-4447-A8E4-75E24C7161E2}.Debug|x64.ActiveCfg = Debug|Any CPU
		{7DD11186-80EA-4447-A8E4-75E24C7161E2}.Debug|x64.Build.0 = Debug|Any CPU
		{7DD11186-80EA-4447-A8E4-75E24C7161E2}.Debug|x86.ActiveCfg = Debug|Any CPU
		{7DD11186-80EA-4447-A8E4-75E24C7161E2}.Debug|x86.Build.0 = Debug|Any CPU
		{7DD11186-80EA-4447-A8E4-75E24C7161E2}.Release|Any CPU.ActiveCfg = Release|Any CPU
		{7DD11186-80EA-4447-A8E4-75E24C7161E2}.Release|Any CPU.Build.0 = Release|Any CPU
		{7DD11186-80EA-4447-A8E4-75E24C7161E2}.Release|x64.ActiveCfg = Release|Any CPU
		{7DD11186-80EA-4447-A8E4-75E24C7161E2}.Release|x64.Build.0 = Release|Any CPU
		{7DD11186-80EA-4447-A8E4-75E24C7161E2}.Release|x86.ActiveCfg = Release|Any CPU
		{7DD11186-80EA-4447-A8E4-75E24C7161E2}.Release|x86.Build.0 = Release|Any CPU
		{1A5F2076-D375-4008-A83C-F2C5626403FA}.Debug|Any CPU.ActiveCfg = Debug|Any CPU
		{1A5F2076-D375-4008-A83C-F2C5626403FA}.Debug|Any CPU.Build.0 = Debug|Any CPU
		{1A5F2076-D375-4008-A83C-F2C5626403FA}.Debug|x64.ActiveCfg = Debug|Any CPU
		{1A5F2076-D375-4008-A83C-F2C5626403FA}.Debug|x64.Build.0 = Debug|Any CPU
		{1A5F2076-D375-4008-A83C-F2C5626403FA}.Debug|x86.ActiveCfg = Debug|Any CPU
		{1A5F2076-D375-4008-A83C-F2C5626403FA}.Debug|x86.Build.0 = Debug|Any CPU
		{1A5F2076-D375-4008-A83C-F2C5626403FA}.Release|Any CPU.ActiveCfg = Release|Any CPU
		{1A5F2076-D375-4008-A83C-F2C5626403FA}.Release|Any CPU.Build.0 = Release|Any CPU
		{1A5F2076-D375-4008-A83C-F2C5626403FA}.Release|x64.ActiveCfg = Release|Any CPU
		{1A5F2076-D375-4008-A83C-F2C5626403FA}.Release|x64.Build.0 = Release|Any CPU
		{1A5F2076-D375-4008-A83C-F2C5626403FA}.Release|x86.ActiveCfg = Release|Any CPU
		{1A5F2076-D375-4008-A83C-F2C5626403FA}.Release|x86.Build.0 = Release|Any CPU
		{69CAD849-76F1-4655-B3C4-F2F9F7A7BEBB}.Debug|Any CPU.ActiveCfg = Debug|Any CPU
		{69CAD849-76F1-4655-B3C4-F2F9F7A7BEBB}.Debug|Any CPU.Build.0 = Debug|Any CPU
		{69CAD849-76F1-4655-B3C4-F2F9F7A7BEBB}.Debug|x64.ActiveCfg = Debug|Any CPU
		{69CAD849-76F1-4655-B3C4-F2F9F7A7BEBB}.Debug|x64.Build.0 = Debug|Any CPU
		{69CAD849-76F1-4655-B3C4-F2F9F7A7BEBB}.Debug|x86.ActiveCfg = Debug|Any CPU
		{69CAD849-76F1-4655-B3C4-F2F9F7A7BEBB}.Debug|x86.Build.0 = Debug|Any CPU
		{69CAD849-76F1-4655-B3C4-F2F9F7A7BEBB}.Release|Any CPU.ActiveCfg = Release|Any CPU
		{69CAD849-76F1-4655-B3C4-F2F9F7A7BEBB}.Release|Any CPU.Build.0 = Release|Any CPU
		{69CAD849-76F1-4655-B3C4-F2F9F7A7BEBB}.Release|x64.ActiveCfg = Release|Any CPU
		{69CAD849-76F1-4655-B3C4-F2F9F7A7BEBB}.Release|x64.Build.0 = Release|Any CPU
		{69CAD849-76F1-4655-B3C4-F2F9F7A7BEBB}.Release|x86.ActiveCfg = Release|Any CPU
		{69CAD849-76F1-4655-B3C4-F2F9F7A7BEBB}.Release|x86.Build.0 = Release|Any CPU
		{DAA85197-516B-401D-97A8-5F3994914AF2}.Debug|Any CPU.ActiveCfg = Debug|Any CPU
		{DAA85197-516B-401D-97A8-5F3994914AF2}.Debug|Any CPU.Build.0 = Debug|Any CPU
		{DAA85197-516B-401D-97A8-5F3994914AF2}.Debug|x64.ActiveCfg = Debug|Any CPU
		{DAA85197-516B-401D-97A8-5F3994914AF2}.Debug|x64.Build.0 = Debug|Any CPU
		{DAA85197-516B-401D-97A8-5F3994914AF2}.Debug|x86.ActiveCfg = Debug|Any CPU
		{DAA85197-516B-401D-97A8-5F3994914AF2}.Debug|x86.Build.0 = Debug|Any CPU
		{DAA85197-516B-401D-97A8-5F3994914AF2}.Release|Any CPU.ActiveCfg = Release|Any CPU
		{DAA85197-516B-401D-97A8-5F3994914AF2}.Release|Any CPU.Build.0 = Release|Any CPU
		{DAA85197-516B-401D-97A8-5F3994914AF2}.Release|x64.ActiveCfg = Release|Any CPU
		{DAA85197-516B-401D-97A8-5F3994914AF2}.Release|x64.Build.0 = Release|Any CPU
		{DAA85197-516B-401D-97A8-5F3994914AF2}.Release|x86.ActiveCfg = Release|Any CPU
		{DAA85197-516B-401D-97A8-5F3994914AF2}.Release|x86.Build.0 = Release|Any CPU
		{1000502C-08B5-4DEC-8183-28E6F1906E96}.Debug|Any CPU.ActiveCfg = Debug|Any CPU
		{1000502C-08B5-4DEC-8183-28E6F1906E96}.Debug|Any CPU.Build.0 = Debug|Any CPU
		{1000502C-08B5-4DEC-8183-28E6F1906E96}.Debug|x64.ActiveCfg = Debug|Any CPU
		{1000502C-08B5-4DEC-8183-28E6F1906E96}.Debug|x64.Build.0 = Debug|Any CPU
		{1000502C-08B5-4DEC-8183-28E6F1906E96}.Debug|x86.ActiveCfg = Debug|Any CPU
		{1000502C-08B5-4DEC-8183-28E6F1906E96}.Debug|x86.Build.0 = Debug|Any CPU
		{1000502C-08B5-4DEC-8183-28E6F1906E96}.Release|Any CPU.ActiveCfg = Release|Any CPU
		{1000502C-08B5-4DEC-8183-28E6F1906E96}.Release|Any CPU.Build.0 = Release|Any CPU
		{1000502C-08B5-4DEC-8183-28E6F1906E96}.Release|x64.ActiveCfg = Release|Any CPU
		{1000502C-08B5-4DEC-8183-28E6F1906E96}.Release|x64.Build.0 = Release|Any CPU
		{1000502C-08B5-4DEC-8183-28E6F1906E96}.Release|x86.ActiveCfg = Release|Any CPU
		{1000502C-08B5-4DEC-8183-28E6F1906E96}.Release|x86.Build.0 = Release|Any CPU
	EndGlobalSection
	GlobalSection(SolutionProperties) = preSolution
		HideSolutionNode = FALSE
	EndGlobalSection
	GlobalSection(NestedProjects) = preSolution
		{FA5F45D9-3F0F-4D2A-A9BA-BFE261FD9E09} = {827E0CD3-B72D-47B6-A68D-7590B98EB39B}
		{7DD11186-80EA-4447-A8E4-75E24C7161E2} = {827E0CD3-B72D-47B6-A68D-7590B98EB39B}
		{1A5F2076-D375-4008-A83C-F2C5626403FA} = {827E0CD3-B72D-47B6-A68D-7590B98EB39B}
		{69CAD849-76F1-4655-B3C4-F2F9F7A7BEBB} = {827E0CD3-B72D-47B6-A68D-7590B98EB39B}
		{DAA85197-516B-401D-97A8-5F3994914AF2} = {0AB3BF05-4346-4AA6-1389-037BE0695223}
		{1000502C-08B5-4DEC-8183-28E6F1906E96} = {0AB3BF05-4346-4AA6-1389-037BE0695223}
	EndGlobalSection
EndGlobal
